{
  "name": "danmaru",
  "version": "1.0.0",
  "lockfileVersion": 1,
  "requires": true,
  "dependencies": {
    "@types/node": {
      "version": "12.12.62",
      "resolved": "https://registry.npmjs.org/@types/node/-/node-12.12.62.tgz",
      "integrity": "sha512-qAfo81CsD7yQIM9mVyh6B/U47li5g7cfpVQEDMfQeF8pSZVwzbhwU3crc0qG4DmpsebpJPR49AKOExQyJ05Cpg==",
      "dev": true
    },
    "typescript": {
      "version": "4.0.3",
      "resolved": "https://registry.npmjs.org/typescript/-/typescript-4.0.3.tgz",
      "integrity": "sha512-tEu6DGxGgRJPb/mVPIZ48e69xCn2yRmCgYmDugAVwmJ6o+0u1RI18eO7E7WBTLYLaEVVOhwQmcdhQHweux/WPg==",
      "dev": true
    }
  }
}
